
Microsoft Visual Studio Solution File, Format Version 12.00
# Visual Studio 15
VisualStudioVersion = 15.0.28010.2046
MinimumVisualStudioVersion = 10.0.40219.1
Project("{FAE04EC0-301F-11D3-BF4B-00C04F79EFBC}") = "Test.ECommerce.Data", "Test.ECommerce.Data\Test.ECommerce.Data.csproj", "{79EE9E8E-043A-4515-BE20-98F2B27C2DD4}"
EndProject
Project("{FAE04EC0-301F-11D3-BF4B-00C04F79EFBC}") = "Test.ECommerce.Common", "Test.ECommerce.Common\Test.ECommerce.Common.csproj", "{E9535FEB-8679-44C1-8101-CEED13ED1D88}"
EndProject
Project("{FAE04EC0-301F-11D3-BF4B-00C04F79EFBC}") = "Test.ECommerce.API", "Test.ECommerce.API\Test.ECommerce.API.csproj", "{8A8EC2B4-A3D2-4741-9615-BBEF49230510}"
EndProject
Project("{FAE04EC0-301F-11D3-BF4B-00C04F79EFBC}") = "Test.ECommerce.Service", "Test.ECommerce.Service\Test.ECommerce.Service.csproj", "{4D2F0D4E-68D4-4B78-9AE1-4141AC8AB4F8}"
EndProject
Global
	GlobalSection(SolutionConfigurationPlatforms) = preSolution
		Debug|Any CPU = Debug|Any CPU
		Release|Any CPU = Release|Any CPU
	EndGlobalSection
	GlobalSection(ProjectConfigurationPlatforms) = postSolution
		{79EE9E8E-043A-4515-BE20-98F2B27C2DD4}.Debug|Any CPU.ActiveCfg = Debug|Any CPU
		{79EE9E8E-043A-4515-BE20-98F2B27C2DD4}.Debug|Any CPU.Build.0 = Debug|Any CPU
		{79EE9E8E-043A-4515-BE20-98F2B27C2DD4}.Release|Any CPU.ActiveCfg = Release|Any CPU
		{79EE9E8E-043A-4515-BE20-98F2B27C2DD4}.Release|Any CPU.Build.0 = Release|Any CPU
		{E9535FEB-8679-44C1-8101-CEED13ED1D88}.Debug|Any CPU.ActiveCfg = Debug|Any CPU
		{E9535FEB-8679-44C1-8101-CEED13ED1D88}.Debug|Any CPU.Build.0 = Debug|Any CPU
		{E9535FEB-8679-44C1-8101-CEED13ED1D88}.Release|Any CPU.ActiveCfg = Release|Any CPU
		{E9535FEB-8679-44C1-8101-CEED13ED1D88}.Release|Any CPU.Build.0 = Release|Any CPU
		{8A8EC2B4-A3D2-4741-9615-BBEF49230510}.Debug|Any CPU.ActiveCfg = Debug|Any CPU
		{8A8EC2B4-A3D2-4741-9615-BBEF49230510}.Debug|Any CPU.Build.0 = Debug|Any CPU
		{8A8EC2B4-A3D2-4741-9615-BBEF49230510}.Release|Any CPU.ActiveCfg = Release|Any CPU
		{8A8EC2B4-A3D2-4741-9615-BBEF49230510}.Release|Any CPU.Build.0 = Release|Any CPU
		{4D2F0D4E-68D4-4B78-9AE1-4141AC8AB4F8}.Debug|Any CPU.ActiveCfg = Debug|Any CPU
		{4D2F0D4E-68D4-4B78-9AE1-4141AC8AB4F8}.Debug|Any CPU.Build.0 = Debug|Any CPU
		{4D2F0D4E-68D4-4B78-9AE1-4141AC8AB4F8}.Release|Any CPU.ActiveCfg = Release|Any CPU
		{4D2F0D4E-68D4-4B78-9AE1-4141AC8AB4F8}.Release|Any CPU.Build.0 = Release|Any CPU
	EndGlobalSection
	GlobalSection(SolutionProperties) = preSolution
		HideSolutionNode = FALSE
	EndGlobalSection
	GlobalSection(ExtensibilityGlobals) = postSolution
		SolutionGuid = {B7ED0609-D4EB-498C-92CA-22433B9E6E19}
	EndGlobalSection
EndGlobal
